
Microsoft Visual Studio Solution File, Format Version 12.00
# Visual Studio Version 17
VisualStudioVersion = 17.1.32328.378
MinimumVisualStudioVersion = 10.0.40219.1
Project("{FAE04EC0-301F-11D3-BF4B-00C04F79EFBC}") = "introAppDomain", "introAppDomain\introAppDomain.csproj", "{092FB36C-3A7E-44AA-9C76-73784E4036B1}"
EndProject
Project("{FAE04EC0-301F-11D3-BF4B-00C04F79EFBC}") = "another", "another\another.csproj", "{7C723907-E217-41A4-BD55-605CAE663939}"
EndProject
Global
	GlobalSection(SolutionConfigurationPlatforms) = preSolution
		Debug|Any CPU = Debug|Any CPU
		Release|Any CPU = Release|Any CPU
	EndGlobalSection
	GlobalSection(ProjectConfigurationPlatforms) = postSolution
		{092FB36C-3A7E-44AA-9C76-73784E4036B1}.Debug|Any CPU.ActiveCfg = Debug|Any CPU
		{092FB36C-3A7E-44AA-9C76-73784E4036B1}.Debug|Any CPU.Build.0 = Debug|Any CPU
		{092FB36C-3A7E-44AA-9C76-73784E4036B1}.Release|Any CPU.ActiveCfg = Release|Any CPU
		{092FB36C-3A7E-44AA-9C76-73784E4036B1}.Release|Any CPU.Build.0 = Release|Any CPU
		{7C723907-E217-41A4-BD55-605CAE663939}.Debug|Any CPU.ActiveCfg = Debug|Any CPU
		{7C723907-E217-41A4-BD55-605CAE663939}.Debug|Any CPU.Build.0 = Debug|Any CPU
		{7C723907-E217-41A4-BD55-605CAE663939}.Release|Any CPU.ActiveCfg = Release|Any CPU
		{7C723907-E217-41A4-BD55-605CAE663939}.Release|Any CPU.Build.0 = Release|Any CPU
	EndGlobalSection
	GlobalSection(SolutionProperties) = preSolution
		HideSolutionNode = FALSE
	EndGlobalSection
	GlobalSection(ExtensibilityGlobals) = postSolution
		SolutionGuid = {0DA65742-EEAD-4B2E-B0E6-AB76AC82817F}
	EndGlobalSection
EndGlobal
