
Microsoft Visual Studio Solution File, Format Version 12.00
# Visual Studio Version 17
VisualStudioVersion = 17.1.32328.378
MinimumVisualStudioVersion = 10.0.40219.1
Project("{FAE04EC0-301F-11D3-BF4B-00C04F79EFBC}") = "Tuples", "Tuples\Tuples.csproj", "{9A1D6B36-85E4-474C-BAA3-F15A13E1EE8F}"
EndProject
Global
	GlobalSection(SolutionConfigurationPlatforms) = preSolution
		Debug|Any CPU = Debug|Any CPU
		Release|Any CPU = Release|Any CPU
	EndGlobalSection
	GlobalSection(ProjectConfigurationPlatforms) = postSolution
		{9A1D6B36-85E4-474C-BAA3-F15A13E1EE8F}.Debug|Any CPU.ActiveCfg = Debug|Any CPU
		{9A1D6B36-85E4-474C-BAA3-F15A13E1EE8F}.Debug|Any CPU.Build.0 = Debug|Any CPU
		{9A1D6B36-85E4-474C-BAA3-F15A13E1EE8F}.Release|Any CPU.ActiveCfg = Release|Any CPU
		{9A1D6B36-85E4-474C-BAA3-F15A13E1EE8F}.Release|Any CPU.Build.0 = Release|Any CPU
	EndGlobalSection
	GlobalSection(SolutionProperties) = preSolution
		HideSolutionNode = FALSE
	EndGlobalSection
	GlobalSection(ExtensibilityGlobals) = postSolution
		SolutionGuid = {4A6F7DF0-2C10-4C23-83A8-E14960EF7D27}
	EndGlobalSection
EndGlobal
