
Microsoft Visual Studio Solution File, Format Version 12.00
# Visual Studio Version 17
VisualStudioVersion = 17.1.32328.378
MinimumVisualStudioVersion = 10.0.40219.1
Project("{FAE04EC0-301F-11D3-BF4B-00C04F79EFBC}") = "ExtensionMethods", "ExtensionMethods\ExtensionMethods.csproj", "{1E53B44E-A897-4356-A104-CAFF16BA1EDC}"
EndProject
Global
	GlobalSection(SolutionConfigurationPlatforms) = preSolution
		Debug|Any CPU = Debug|Any CPU
		Release|Any CPU = Release|Any CPU
	EndGlobalSection
	GlobalSection(ProjectConfigurationPlatforms) = postSolution
		{1E53B44E-A897-4356-A104-CAFF16BA1EDC}.Debug|Any CPU.ActiveCfg = Debug|Any CPU
		{1E53B44E-A897-4356-A104-CAFF16BA1EDC}.Debug|Any CPU.Build.0 = Debug|Any CPU
		{1E53B44E-A897-4356-A104-CAFF16BA1EDC}.Release|Any CPU.ActiveCfg = Release|Any CPU
		{1E53B44E-A897-4356-A104-CAFF16BA1EDC}.Release|Any CPU.Build.0 = Release|Any CPU
	EndGlobalSection
	GlobalSection(SolutionProperties) = preSolution
		HideSolutionNode = FALSE
	EndGlobalSection
	GlobalSection(ExtensibilityGlobals) = postSolution
		SolutionGuid = {760FD0E6-B993-4BEE-B3E3-83D1CDEEE70C}
	EndGlobalSection
EndGlobal
